
Microsoft Visual Studio Solution File, Format Version 12.00
# Visual Studio Version 17
VisualStudioVersion = 17.9.34728.123
MinimumVisualStudioVersion = 10.0.40219.1
Project("{8BC9CEB8-8B4A-11D0-8D11-00A0C91BC942}") = "PG3_6-1", "PG3_6-1.vcxproj", "{D905B4ED-AC1C-4CF5-ACFB-F0211F77F892}"
EndProject
Global
	GlobalSection(SolutionConfigurationPlatforms) = preSolution
		Debug|x64 = Debug|x64
		Release|x64 = Release|x64
	EndGlobalSection
	GlobalSection(ProjectConfigurationPlatforms) = postSolution
		{D905B4ED-AC1C-4CF5-ACFB-F0211F77F892}.Debug|x64.ActiveCfg = Debug|x64
		{D905B4ED-AC1C-4CF5-ACFB-F0211F77F892}.Debug|x64.Build.0 = Debug|x64
		{D905B4ED-AC1C-4CF5-ACFB-F0211F77F892}.Release|x64.ActiveCfg = Release|x64
		{D905B4ED-AC1C-4CF5-ACFB-F0211F77F892}.Release|x64.Build.0 = Release|x64
	EndGlobalSection
	GlobalSection(SolutionProperties) = preSolution
		HideSolutionNode = FALSE
	EndGlobalSection
	GlobalSection(ExtensibilityGlobals) = postSolution
		SolutionGuid = {F97C6C4F-90A9-4D32-925D-AD1B9E6E1499}
	EndGlobalSection
EndGlobal
